
Microsoft Visual Studio Solution File, Format Version 12.00
# Visual Studio 14
VisualStudioVersion = 14.0.25420.1
MinimumVisualStudioVersion = 10.0.40219.1
Project("{FAE04EC0-301F-11D3-BF4B-00C04F79EFBC}") = "MyFirstWinForm", "MyFirstWinForm\MyFirstWinForm.csproj", "{35C75C27-36C1-4FDC-9113-04A41EF957E8}"
EndProject
Project("{FAE04EC0-301F-11D3-BF4B-00C04F79EFBC}") = "SimpleCalculator01", "SimpleCalculator01\SimpleCalculator01.csproj", "{71223011-90CE-481D-9C43-85FB1445B89A}"
EndProject
Project("{FAE04EC0-301F-11D3-BF4B-00C04F79EFBC}") = "SimpleCalculator02", "SimpleCalculator02\SimpleCalculator02\SimpleCalculator02.csproj", "{262829E1-5A90-4EEA-8A43-C71A623B4AD1}"
EndProject
Project("{FAE04EC0-301F-11D3-BF4B-00C04F79EFBC}") = "SimpleCalculator03", "SimpleCalculator03\SimpleCalculator03.csproj", "{824E037E-E94B-4581-98D8-610EE25BC037}"
EndProject
Global
	GlobalSection(SolutionConfigurationPlatforms) = preSolution
		Debug|Any CPU = Debug|Any CPU
		Release|Any CPU = Release|Any CPU
	EndGlobalSection
	GlobalSection(ProjectConfigurationPlatforms) = postSolution
		{35C75C27-36C1-4FDC-9113-04A41EF957E8}.Debug|Any CPU.ActiveCfg = Debug|Any CPU
		{35C75C27-36C1-4FDC-9113-04A41EF957E8}.Debug|Any CPU.Build.0 = Debug|Any CPU
		{35C75C27-36C1-4FDC-9113-04A41EF957E8}.Release|Any CPU.ActiveCfg = Release|Any CPU
		{35C75C27-36C1-4FDC-9113-04A41EF957E8}.Release|Any CPU.Build.0 = Release|Any CPU
		{71223011-90CE-481D-9C43-85FB1445B89A}.Debug|Any CPU.ActiveCfg = Debug|Any CPU
		{71223011-90CE-481D-9C43-85FB1445B89A}.Debug|Any CPU.Build.0 = Debug|Any CPU
		{71223011-90CE-481D-9C43-85FB1445B89A}.Release|Any CPU.ActiveCfg = Release|Any CPU
		{71223011-90CE-481D-9C43-85FB1445B89A}.Release|Any CPU.Build.0 = Release|Any CPU
		{262829E1-5A90-4EEA-8A43-C71A623B4AD1}.Debug|Any CPU.ActiveCfg = Debug|Any CPU
		{262829E1-5A90-4EEA-8A43-C71A623B4AD1}.Debug|Any CPU.Build.0 = Debug|Any CPU
		{262829E1-5A90-4EEA-8A43-C71A623B4AD1}.Release|Any CPU.ActiveCfg = Release|Any CPU
		{262829E1-5A90-4EEA-8A43-C71A623B4AD1}.Release|Any CPU.Build.0 = Release|Any CPU
		{824E037E-E94B-4581-98D8-610EE25BC037}.Debug|Any CPU.ActiveCfg = Debug|Any CPU
		{824E037E-E94B-4581-98D8-610EE25BC037}.Debug|Any CPU.Build.0 = Debug|Any CPU
		{824E037E-E94B-4581-98D8-610EE25BC037}.Release|Any CPU.ActiveCfg = Release|Any CPU
		{824E037E-E94B-4581-98D8-610EE25BC037}.Release|Any CPU.Build.0 = Release|Any CPU
	EndGlobalSection
	GlobalSection(SolutionProperties) = preSolution
		HideSolutionNode = FALSE
	EndGlobalSection
EndGlobal
